// !$*UTF8*$!
{
	archiveVersion = 1;
	classes = {
	};
	objectVersion = 56;
	objects = {

/* Begin PBXBuildFile section */
		3A9C88A02D6F728A004CFD88 /* TempoProApp.swift in Sources */ = {isa = PBXBuildFile; fileRef = 3A9C889F2D6F728A004CFD88 /* TempoProApp.swift */; };
		3A9C88A22D6F728A004CFD88 /* ContentView.swift in Sources */ = {isa = PBXBuildFile; fileRef = 3A9C88A12D6F728A004CFD88 /* ContentView.swift */; };
		3A9C88A42D6F728B004CFD88 /* Assets.xcassets in Resources */ = {isa = PBXBuildFile; fileRef = 3A9C88A32D6F728B004CFD88 /* Assets.xcassets */; };
		3A9C88A82D6F728B004CFD88 /* Preview Assets.xcassets in Resources */ = {isa = PBXBuildFile; fileRef = 3A9C88A72D6F728B004CFD88 /* Preview Assets.xcassets */; };
		3A9C88B22D6F728B004CFD88 /* TempoProTests.swift in Sources */ = {isa = PBXBuildFile; fileRef = 3A9C88B12D6F728B004CFD88 /* TempoProTests.swift */; };
		3A9C88BC2D6F728B004CFD88 /* TempoProUITests.swift in Sources */ = {isa = PBXBuildFile; fileRef = 3A9C88BB2D6F728B004CFD88 /* TempoProUITests.swift */; };
		3A9C88BE2D6F728B004CFD88 /* TempoProUITestsLaunchTests.swift in Sources */ = {isa = PBXBuildFile; fileRef = 3A9C88BD2D6F728B004CFD88 /* TempoProUITestsLaunchTests.swift */; };
		3AA1E5542D6F7372002D9615 /* BPMKeypadView.swift in Sources */ = {isa = PBXBuildFile; fileRef = 3AA1E5502D6F7371002D9615 /* BPMKeypadView.swift */; };
		3AA1E5552D6F7372002D9615 /* MetronomeToolbarView.swift in Sources */ = {isa = PBXBuildFile; fileRef = 3AA1E5512D6F7372002D9615 /* MetronomeToolbarView.swift */; };
		3AA1E5562D6F7372002D9615 /* MetronomeControlView.swift in Sources */ = {isa = PBXBuildFile; fileRef = 3AA1E5522D6F7372002D9615 /* MetronomeControlView.swift */; };
		3AA1E5572D6F7372002D9615 /* MetronomeInfoView.swift in Sources */ = {isa = PBXBuildFile; fileRef = 3AA1E5532D6F7372002D9615 /* MetronomeInfoView.swift */; };
		3AB64D5A2D73150700B056FE /* MiSansLatin-Semibold.otf in Resources */ = {isa = PBXBuildFile; fileRef = 3AB64D592D73150700B056FE /* MiSansLatin-Semibold.otf */; };
		3AB64D5B2D73150700B056FE /* MiSansLatin-Regular.otf in Resources */ = {isa = PBXBuildFile; fileRef = 3AB64D582D73150700B056FE /* MiSansLatin-Regular.otf */; };
		3AB6A8642D79F05C00760B80 /* CoreDataPracticeManager.swift in Sources */ = {isa = PBXBuildFile; fileRef = 3AB6A8632D79F05C00760B80 /* CoreDataPracticeManager.swift */; };
		3AB6A8662D79F27000760B80 /* PracticeCompletionView.swift in Sources */ = {isa = PBXBuildFile; fileRef = 3AB6A8652D79F27000760B80 /* PracticeCompletionView.swift */; };
		3ADE94842D734B5B00731F83 /* DisplayCornerRadius.swift in Sources */ = {isa = PBXBuildFile; fileRef = 3ADE94822D734B5B00731F83 /* DisplayCornerRadius.swift */; };
		F71AF6B02D716E3300ADBC17 /* MetronomeTheme.swift in Sources */ = {isa = PBXBuildFile; fileRef = F71AF6AF2D716E2700ADBC17 /* MetronomeTheme.swift */; };
		F71AF6B22D716E4B00ADBC17 /* ThemeManager.swift in Sources */ = {isa = PBXBuildFile; fileRef = F71AF6B12D716E4200ADBC17 /* ThemeManager.swift */; };
		F71AF6B42D716E6500ADBC17 /* ThemeEnvironment.swift in Sources */ = {isa = PBXBuildFile; fileRef = F71AF6B32D716E5D00ADBC17 /* ThemeEnvironment.swift */; };
		F71AF6B62D716E9B00ADBC17 /* ThemeSelectionView.swift in Sources */ = {isa = PBXBuildFile; fileRef = F71AF6B52D716E9500ADBC17 /* ThemeSelectionView.swift */; };
		F71AF6B92D71A60200ADBC17 /* BPMRulerView.swift in Sources */ = {isa = PBXBuildFile; fileRef = F71AF6B82D71A5FB00ADBC17 /* BPMRulerView.swift */; };
		F750D23B2D7816360022C405 /* PlaylistDetailView.swift in Sources */ = {isa = PBXBuildFile; fileRef = F750D2392D7816360022C405 /* PlaylistDetailView.swift */; };
		F750D23C2D7816360022C405 /* PlaylistListView.swift in Sources */ = {isa = PBXBuildFile; fileRef = F750D23A2D7816360022C405 /* PlaylistListView.swift */; };
		F75EC5672D7AC1C9001CBAA4 /* MonthlyHeatmapView.swift in Sources */ = {isa = PBXBuildFile; fileRef = F75EC5662D7AC1C9001CBAA4 /* MonthlyHeatmapView.swift */; };
		F792941C2D7B12B000A2D91C /* WeeklyStatsView.swift in Sources */ = {isa = PBXBuildFile; fileRef = F792941B2D7B12B000A2D91C /* WeeklyStatsView.swift */; };
		F7A3E73D2D79C378008869AB /* PracticeStatsView.swift in Sources */ = {isa = PBXBuildFile; fileRef = F7A3E73C2D79C364008869AB /* PracticeStatsView.swift */; };
		F7F058992D787651005DF482 /* TempoProModel.xcdatamodeld in Sources */ = {isa = PBXBuildFile; fileRef = F7F058972D787651005DF482 /* TempoProModel.xcdatamodeld */; };
		F7F0589C2D787728005DF482 /* PersistenceController.swift in Sources */ = {isa = PBXBuildFile; fileRef = F7F0589B2D787728005DF482 /* PersistenceController.swift */; };
		F7F0589E2D787826005DF482 /* CreDataExtensions.swift in Sources */ = {isa = PBXBuildFile; fileRef = F7F0589D2D787819005DF482 /* CreDataExtensions.swift */; };
		F7F058A42D787BF3005DF482 /* ColorExtension.swift in Sources */ = {isa = PBXBuildFile; fileRef = F7F058A32D787BF3005DF482 /* ColorExtension.swift */; };
		F7F058A62D787C33005DF482 /* CoreDataPlaylistManager.swift in Sources */ = {isa = PBXBuildFile; fileRef = F7F058A52D787C33005DF482 /* CoreDataPlaylistManager.swift */; };
		F7F058BF2D79443C005DF482 /* EditSongView.swift in Sources */ = {isa = PBXBuildFile; fileRef = F7F058BE2D79443C005DF482 /* EditSongView.swift */; };
		F7F058C12D794453005DF482 /* AddPlaylistView.swift in Sources */ = {isa = PBXBuildFile; fileRef = F7F058C02D794453005DF482 /* AddPlaylistView.swift */; };
		F7F058C52D79448A005DF482 /* EditPlaylistView.swift in Sources */ = {isa = PBXBuildFile; fileRef = F7F058C42D79448A005DF482 /* EditPlaylistView.swift */; };
		F7F538E22D75C7F600A7395C /* TileBackgroundImage.swift in Sources */ = {isa = PBXBuildFile; fileRef = F7F538E12D75C7E500A7395C /* TileBackgroundImage.swift */; };
		F7F538E82D75D59B00A7395C /* AppStorageKeys.swift in Sources */ = {isa = PBXBuildFile; fileRef = F7F538E62D75D59B00A7395C /* AppStorageKeys.swift */; };
		F7FF3F152D7073EB00390C16 /* MetronomeAudioEngine.swift in Sources */ = {isa = PBXBuildFile; fileRef = F7FF3F112D7073EB00390C16 /* MetronomeAudioEngine.swift */; };
		F7FF3F162D7073EB00390C16 /* MetronomeTimer.swift in Sources */ = {isa = PBXBuildFile; fileRef = F7FF3F132D7073EB00390C16 /* MetronomeTimer.swift */; };
		F7FF3F192D7074CA00390C16 /* MetronomeState.swift in Sources */ = {isa = PBXBuildFile; fileRef = F7FF3F172D7074CA00390C16 /* MetronomeState.swift */; };
		F7FF3F1F2D70787B00390C16 /* Metr_fl_hi.wav in Resources */ = {isa = PBXBuildFile; fileRef = F7FF3F1B2D70787B00390C16 /* Metr_fl_hi.wav */; };
		F7FF3F202D70787B00390C16 /* Metr_fl_mid.wav in Resources */ = {isa = PBXBuildFile; fileRef = F7FF3F1D2D70787B00390C16 /* Metr_fl_mid.wav */; };
		F7FF3F212D70787B00390C16 /* Metr_fl_low.wav in Resources */ = {isa = PBXBuildFile; fileRef = F7FF3F1C2D70787B00390C16 /* Metr_fl_low.wav */; };
		F7FF3F232D7078E900390C16 /* TimeSignatureView.swift in Sources */ = {isa = PBXBuildFile; fileRef = F7FF3F222D7078E900390C16 /* TimeSignatureView.swift */; };
/* End PBXBuildFile section */

/* Begin PBXContainerItemProxy section */
		3A9C88AE2D6F728B004CFD88 /* PBXContainerItemProxy */ = {
			isa = PBXContainerItemProxy;
			containerPortal = 3A9C88942D6F728A004CFD88 /* Project object */;
			proxyType = 1;
			remoteGlobalIDString = 3A9C889B2D6F728A004CFD88;
			remoteInfo = TempoPro;
		};
		3A9C88B82D6F728B004CFD88 /* PBXContainerItemProxy */ = {
			isa = PBXContainerItemProxy;
			containerPortal = 3A9C88942D6F728A004CFD88 /* Project object */;
			proxyType = 1;
			remoteGlobalIDString = 3A9C889B2D6F728A004CFD88;
			remoteInfo = TempoPro;
		};
/* End PBXContainerItemProxy section */

/* Begin PBXFileReference section */
		3A9C889C2D6F728A004CFD88 /* Tempo Pro, Metronome Beats.app */ = {isa = PBXFileReference; explicitFileType = wrapper.application; includeInIndex = 0; path = "Tempo Pro, Metronome Beats.app"; sourceTree = BUILT_PRODUCTS_DIR; };
		3A9C889F2D6F728A004CFD88 /* TempoProApp.swift */ = {isa = PBXFileReference; lastKnownFileType = sourcecode.swift; path = TempoProApp.swift; sourceTree = "<group>"; };
		3A9C88A12D6F728A004CFD88 /* ContentView.swift */ = {isa = PBXFileReference; lastKnownFileType = sourcecode.swift; path = ContentView.swift; sourceTree = "<group>"; };
		3A9C88A32D6F728B004CFD88 /* Assets.xcassets */ = {isa = PBXFileReference; lastKnownFileType = folder.assetcatalog; path = Assets.xcassets; sourceTree = "<group>"; };
		3A9C88A52D6F728B004CFD88 /* TempoPro.entitlements */ = {isa = PBXFileReference; lastKnownFileType = text.plist.entitlements; path = TempoPro.entitlements; sourceTree = "<group>"; };
		3A9C88A72D6F728B004CFD88 /* Preview Assets.xcassets */ = {isa = PBXFileReference; lastKnownFileType = folder.assetcatalog; path = "Preview Assets.xcassets"; sourceTree = "<group>"; };
		3A9C88AD2D6F728B004CFD88 /* TempoProTests.xctest */ = {isa = PBXFileReference; explicitFileType = wrapper.cfbundle; includeInIndex = 0; path = TempoProTests.xctest; sourceTree = BUILT_PRODUCTS_DIR; };
		3A9C88B12D6F728B004CFD88 /* TempoProTests.swift */ = {isa = PBXFileReference; lastKnownFileType = sourcecode.swift; path = TempoProTests.swift; sourceTree = "<group>"; };
		3A9C88B72D6F728B004CFD88 /* TempoProUITests.xctest */ = {isa = PBXFileReference; explicitFileType = wrapper.cfbundle; includeInIndex = 0; path = TempoProUITests.xctest; sourceTree = BUILT_PRODUCTS_DIR; };
		3A9C88BB2D6F728B004CFD88 /* TempoProUITests.swift */ = {isa = PBXFileReference; lastKnownFileType = sourcecode.swift; path = TempoProUITests.swift; sourceTree = "<group>"; };
		3A9C88BD2D6F728B004CFD88 /* TempoProUITestsLaunchTests.swift */ = {isa = PBXFileReference; lastKnownFileType = sourcecode.swift; path = TempoProUITestsLaunchTests.swift; sourceTree = "<group>"; };
		3AA1E5502D6F7371002D9615 /* BPMKeypadView.swift */ = {isa = PBXFileReference; fileEncoding = 4; lastKnownFileType = sourcecode.swift; path = BPMKeypadView.swift; sourceTree = "<group>"; };
		3AA1E5512D6F7372002D9615 /* MetronomeToolbarView.swift */ = {isa = PBXFileReference; fileEncoding = 4; lastKnownFileType = sourcecode.swift; path = MetronomeToolbarView.swift; sourceTree = "<group>"; };
		3AA1E5522D6F7372002D9615 /* MetronomeControlView.swift */ = {isa = PBXFileReference; fileEncoding = 4; lastKnownFileType = sourcecode.swift; path = MetronomeControlView.swift; sourceTree = "<group>"; };
		3AA1E5532D6F7372002D9615 /* MetronomeInfoView.swift */ = {isa = PBXFileReference; fileEncoding = 4; lastKnownFileType = sourcecode.swift; path = MetronomeInfoView.swift; sourceTree = "<group>"; };
		3AB64D582D73150700B056FE /* MiSansLatin-Regular.otf */ = {isa = PBXFileReference; lastKnownFileType = file; path = "MiSansLatin-Regular.otf"; sourceTree = "<group>"; };
		3AB64D592D73150700B056FE /* MiSansLatin-Semibold.otf */ = {isa = PBXFileReference; lastKnownFileType = file; path = "MiSansLatin-Semibold.otf"; sourceTree = "<group>"; };
		3AB64D5C2D73158800B056FE /* Info.plist */ = {isa = PBXFileReference; lastKnownFileType = text.plist; path = Info.plist; sourceTree = "<group>"; };
		3AB6A8632D79F05C00760B80 /* CoreDataPracticeManager.swift */ = {isa = PBXFileReference; lastKnownFileType = sourcecode.swift; path = CoreDataPracticeManager.swift; sourceTree = "<group>"; };
		3AB6A8652D79F27000760B80 /* PracticeCompletionView.swift */ = {isa = PBXFileReference; lastKnownFileType = sourcecode.swift; path = PracticeCompletionView.swift; sourceTree = "<group>"; };
		3ADE94822D734B5B00731F83 /* DisplayCornerRadius.swift */ = {isa = PBXFileReference; lastKnownFileType = sourcecode.swift; path = DisplayCornerRadius.swift; sourceTree = "<group>"; };
		F71AF6AF2D716E2700ADBC17 /* MetronomeTheme.swift */ = {isa = PBXFileReference; lastKnownFileType = sourcecode.swift; path = MetronomeTheme.swift; sourceTree = "<group>"; };
		F71AF6B12D716E4200ADBC17 /* ThemeManager.swift */ = {isa = PBXFileReference; lastKnownFileType = sourcecode.swift; path = ThemeManager.swift; sourceTree = "<group>"; };
		F71AF6B32D716E5D00ADBC17 /* ThemeEnvironment.swift */ = {isa = PBXFileReference; lastKnownFileType = sourcecode.swift; path = ThemeEnvironment.swift; sourceTree = "<group>"; };
		F71AF6B52D716E9500ADBC17 /* ThemeSelectionView.swift */ = {isa = PBXFileReference; lastKnownFileType = sourcecode.swift; path = ThemeSelectionView.swift; sourceTree = "<group>"; };
		F71AF6B82D71A5FB00ADBC17 /* BPMRulerView.swift */ = {isa = PBXFileReference; lastKnownFileType = sourcecode.swift; path = BPMRulerView.swift; sourceTree = "<group>"; };
		F750D2392D7816360022C405 /* PlaylistDetailView.swift */ = {isa = PBXFileReference; lastKnownFileType = sourcecode.swift; path = PlaylistDetailView.swift; sourceTree = "<group>"; };
		F750D23A2D7816360022C405 /* PlaylistListView.swift */ = {isa = PBXFileReference; lastKnownFileType = sourcecode.swift; path = PlaylistListView.swift; sourceTree = "<group>"; };
		F75EC5662D7AC1C9001CBAA4 /* MonthlyHeatmapView.swift */ = {isa = PBXFileReference; lastKnownFileType = sourcecode.swift; path = MonthlyHeatmapView.swift; sourceTree = "<group>"; };
		F792941B2D7B12B000A2D91C /* WeeklyStatsView.swift */ = {isa = PBXFileReference; lastKnownFileType = sourcecode.swift; path = WeeklyStatsView.swift; sourceTree = "<group>"; };
		F7A3E73C2D79C364008869AB /* PracticeStatsView.swift */ = {isa = PBXFileReference; lastKnownFileType = sourcecode.swift; path = PracticeStatsView.swift; sourceTree = "<group>"; };
		F7F058982D787651005DF482 /* TempoProModel.xcdatamodel */ = {isa = PBXFileReference; lastKnownFileType = wrapper.xcdatamodel; path = TempoProModel.xcdatamodel; sourceTree = "<group>"; };
		F7F0589B2D787728005DF482 /* PersistenceController.swift */ = {isa = PBXFileReference; lastKnownFileType = sourcecode.swift; path = PersistenceController.swift; sourceTree = "<group>"; };
		F7F0589D2D787819005DF482 /* CreDataExtensions.swift */ = {isa = PBXFileReference; lastKnownFileType = sourcecode.swift; path = CreDataExtensions.swift; sourceTree = "<group>"; };
		F7F058A32D787BF3005DF482 /* ColorExtension.swift */ = {isa = PBXFileReference; lastKnownFileType = sourcecode.swift; path = ColorExtension.swift; sourceTree = "<group>"; };
		F7F058A52D787C33005DF482 /* CoreDataPlaylistManager.swift */ = {isa = PBXFileReference; lastKnownFileType = sourcecode.swift; path = CoreDataPlaylistManager.swift; sourceTree = "<group>"; };
		F7F058BE2D79443C005DF482 /* EditSongView.swift */ = {isa = PBXFileReference; lastKnownFileType = sourcecode.swift; path = EditSongView.swift; sourceTree = "<group>"; };
		F7F058C02D794453005DF482 /* AddPlaylistView.swift */ = {isa = PBXFileReference; lastKnownFileType = sourcecode.swift; path = AddPlaylistView.swift; sourceTree = "<group>"; };
		F7F058C42D79448A005DF482 /* EditPlaylistView.swift */ = {isa = PBXFileReference; lastKnownFileType = sourcecode.swift; path = EditPlaylistView.swift; sourceTree = "<group>"; };
		F7F538E12D75C7E500A7395C /* TileBackgroundImage.swift */ = {isa = PBXFileReference; lastKnownFileType = sourcecode.swift; path = TileBackgroundImage.swift; sourceTree = "<group>"; };
		F7F538E32D75D59700A7395C /* AppStorageKeys.swift */ = {isa = PBXFileReference; lastKnownFileType = sourcecode.swift; path = AppStorageKeys.swift; sourceTree = "<group>"; };
		F7F538E62D75D59B00A7395C /* AppStorageKeys.swift */ = {isa = PBXFileReference; lastKnownFileType = sourcecode.swift; path = AppStorageKeys.swift; sourceTree = "<group>"; };
		F7FF3F112D7073EB00390C16 /* MetronomeAudioEngine.swift */ = {isa = PBXFileReference; lastKnownFileType = sourcecode.swift; path = MetronomeAudioEngine.swift; sourceTree = "<group>"; };
		F7FF3F132D7073EB00390C16 /* MetronomeTimer.swift */ = {isa = PBXFileReference; lastKnownFileType = sourcecode.swift; path = MetronomeTimer.swift; sourceTree = "<group>"; };
		F7FF3F172D7074CA00390C16 /* MetronomeState.swift */ = {isa = PBXFileReference; lastKnownFileType = sourcecode.swift; path = MetronomeState.swift; sourceTree = "<group>"; };
		F7FF3F1B2D70787B00390C16 /* Metr_fl_hi.wav */ = {isa = PBXFileReference; lastKnownFileType = audio.wav; path = Metr_fl_hi.wav; sourceTree = "<group>"; };
		F7FF3F1C2D70787B00390C16 /* Metr_fl_low.wav */ = {isa = PBXFileReference; lastKnownFileType = audio.wav; path = Metr_fl_low.wav; sourceTree = "<group>"; };
		F7FF3F1D2D70787B00390C16 /* Metr_fl_mid.wav */ = {isa = PBXFileReference; lastKnownFileType = audio.wav; path = Metr_fl_mid.wav; sourceTree = "<group>"; };
		F7FF3F222D7078E900390C16 /* TimeSignatureView.swift */ = {isa = PBXFileReference; lastKnownFileType = sourcecode.swift; path = TimeSignatureView.swift; sourceTree = "<group>"; };
/* End PBXFileReference section */

/* Begin PBXFrameworksBuildPhase section */
		3A9C88992D6F728A004CFD88 /* Frameworks */ = {
			isa = PBXFrameworksBuildPhase;
			buildActionMask = 2147483647;
			files = (
			);
			runOnlyForDeploymentPostprocessing = 0;
		};
		3A9C88AA2D6F728B004CFD88 /* Frameworks */ = {
			isa = PBXFrameworksBuildPhase;
			buildActionMask = 2147483647;
			files = (
			);
			runOnlyForDeploymentPostprocessing = 0;
		};
		3A9C88B42D6F728B004CFD88 /* Frameworks */ = {
			isa = PBXFrameworksBuildPhase;
			buildActionMask = 2147483647;
			files = (
			);
			runOnlyForDeploymentPostprocessing = 0;
		};
/* End PBXFrameworksBuildPhase section */

/* Begin PBXGroup section */
		3A9C88932D6F728A004CFD88 = {
			isa = PBXGroup;
			children = (
				3A9C889E2D6F728A004CFD88 /* TempoPro */,
				3A9C88B02D6F728B004CFD88 /* TempoProTests */,
				3A9C88BA2D6F728B004CFD88 /* TempoProUITests */,
				3A9C889D2D6F728A004CFD88 /* Products */,
			);
			sourceTree = "<group>";
		};
		3A9C889D2D6F728A004CFD88 /* Products */ = {
			isa = PBXGroup;
			children = (
				3A9C889C2D6F728A004CFD88 /* Tempo Pro, Metronome Beats.app */,
				3A9C88AD2D6F728B004CFD88 /* TempoProTests.xctest */,
				3A9C88B72D6F728B004CFD88 /* TempoProUITests.xctest */,
			);
			name = Products;
			sourceTree = "<group>";
		};
		3A9C889E2D6F728A004CFD88 /* TempoPro */ = {
			isa = PBXGroup;
			children = (
				F7F058A22D787BD5005DF482 /* CoreData */,
				F7F538E42D75D59700A7395C /* Utils */,
				3ADE94832D734B5B00731F83 /* Extensions */,
				3AB64D5C2D73158800B056FE /* Info.plist */,
				3AB64D572D7314F400B056FE /* Fonts */,
				F71AF6B72D71716E00ADBC17 /* Views */,
				F71AF6AE2D716E1D00ADBC17 /* Theme */,
				F7FF3F1E2D70787B00390C16 /* Sounds */,
				3A9C889F2D6F728A004CFD88 /* TempoProApp.swift */,
				F7FF3F182D7074CA00390C16 /* State */,
				F7FF3F122D7073EB00390C16 /* Audio */,
				F7F538E72D75D59B00A7395C /* Utils */,
				F7FF3F142D7073EB00390C16 /* Timer */,
				3A9C88A32D6F728B004CFD88 /* Assets.xcassets */,
				3A9C88A52D6F728B004CFD88 /* TempoPro.entitlements */,
				3A9C88A62D6F728B004CFD88 /* Preview Content */,
			);
			path = TempoPro;
			sourceTree = "<group>";
		};
		3A9C88A62D6F728B004CFD88 /* Preview Content */ = {
			isa = PBXGroup;
			children = (
				3A9C88A72D6F728B004CFD88 /* Preview Assets.xcassets */,
			);
			path = "Preview Content";
			sourceTree = "<group>";
		};
		3A9C88B02D6F728B004CFD88 /* TempoProTests */ = {
			isa = PBXGroup;
			children = (
				3A9C88B12D6F728B004CFD88 /* TempoProTests.swift */,
			);
			path = TempoProTests;
			sourceTree = "<group>";
		};
		3A9C88BA2D6F728B004CFD88 /* TempoProUITests */ = {
			isa = PBXGroup;
			children = (
				3A9C88BB2D6F728B004CFD88 /* TempoProUITests.swift */,
				3A9C88BD2D6F728B004CFD88 /* TempoProUITestsLaunchTests.swift */,
			);
			path = TempoProUITests;
			sourceTree = "<group>";
		};
		3AB64D572D7314F400B056FE /* Fonts */ = {
			isa = PBXGroup;
			children = (
				3AB64D582D73150700B056FE /* MiSansLatin-Regular.otf */,
				3AB64D592D73150700B056FE /* MiSansLatin-Semibold.otf */,
			);
			path = Fonts;
			sourceTree = "<group>";
		};
		3ADE94832D734B5B00731F83 /* Extensions */ = {
			isa = PBXGroup;
			children = (
				F7F058A32D787BF3005DF482 /* ColorExtension.swift */,
				F7F538E12D75C7E500A7395C /* TileBackgroundImage.swift */,
				3ADE94822D734B5B00731F83 /* DisplayCornerRadius.swift */,
			);
			path = Extensions;
			sourceTree = "<group>";
		};
		F71AF6AE2D716E1D00ADBC17 /* Theme */ = {
			isa = PBXGroup;
			children = (
				F71AF6B32D716E5D00ADBC17 /* ThemeEnvironment.swift */,
				F71AF6B12D716E4200ADBC17 /* ThemeManager.swift */,
				F71AF6AF2D716E2700ADBC17 /* MetronomeTheme.swift */,
			);
			path = Theme;
			sourceTree = "<group>";
		};
		F71AF6B72D71716E00ADBC17 /* Views */ = {
			isa = PBXGroup;
			children = (
				F75EC5652D7ABE86001CBAA4 /* PracticeStats */,
				F7F058BD2D794414005DF482 /* Playlist */,
				F71AF6B82D71A5FB00ADBC17 /* BPMRulerView.swift */,
				3A9C88A12D6F728A004CFD88 /* ContentView.swift */,
				3AA1E5532D6F7372002D9615 /* MetronomeInfoView.swift */,
				3AA1E5512D6F7372002D9615 /* MetronomeToolbarView.swift */,
				3AA1E5522D6F7372002D9615 /* MetronomeControlView.swift */,
				3AA1E5502D6F7371002D9615 /* BPMKeypadView.swift */,
				F7FF3F222D7078E900390C16 /* TimeSignatureView.swift */,
				F71AF6B52D716E9500ADBC17 /* ThemeSelectionView.swift */,
			);
			path = Views;
			sourceTree = "<group>";
		};
		F75EC5652D7ABE86001CBAA4 /* PracticeStats */ = {
			isa = PBXGroup;
			children = (
				F792941B2D7B12B000A2D91C /* WeeklyStatsView.swift */,
				F75EC5662D7AC1C9001CBAA4 /* MonthlyHeatmapView.swift */,
				3AB6A8652D79F27000760B80 /* PracticeCompletionView.swift */,
				F7A3E73C2D79C364008869AB /* PracticeStatsView.swift */,
			);
			path = PracticeStats;
			sourceTree = "<group>";
		};
		F7F058A22D787BD5005DF482 /* CoreData */ = {
			isa = PBXGroup;
			children = (
				F7F058972D787651005DF482 /* TempoProModel.xcdatamodeld */,
				3AB6A8632D79F05C00760B80 /* CoreDataPracticeManager.swift */,
				F7F058A52D787C33005DF482 /* CoreDataPlaylistManager.swift */,
				F7F0589D2D787819005DF482 /* CreDataExtensions.swift */,
				F7F0589B2D787728005DF482 /* PersistenceController.swift */,
			);
			path = CoreData;
			sourceTree = "<group>";
		};
		F7F058BD2D794414005DF482 /* Playlist */ = {
			isa = PBXGroup;
			children = (
				F750D23A2D7816360022C405 /* PlaylistListView.swift */,
				F7F058C42D79448A005DF482 /* EditPlaylistView.swift */,
				F7F058C02D794453005DF482 /* AddPlaylistView.swift */,
				F750D2392D7816360022C405 /* PlaylistDetailView.swift */,
				F7F058BE2D79443C005DF482 /* EditSongView.swift */,
			);
			path = Playlist;
			sourceTree = "<group>";
		};
		F7F538E42D75D59700A7395C /* Utils */ = {
			isa = PBXGroup;
			children = (
				F7F538E32D75D59700A7395C /* AppStorageKeys.swift */,
			);
			path = Utils;
			sourceTree = "<group>";
		};
		F7F538E72D75D59B00A7395C /* Utils */ = {
			isa = PBXGroup;
			children = (
				F7F538E62D75D59B00A7395C /* AppStorageKeys.swift */,
			);
			path = Utils;
			sourceTree = "<group>";
		};
		F7FF3F122D7073EB00390C16 /* Audio */ = {
			isa = PBXGroup;
			children = (
				F7FF3F112D7073EB00390C16 /* MetronomeAudioEngine.swift */,
			);
			path = Audio;
			sourceTree = "<group>";
		};
		F7FF3F142D7073EB00390C16 /* Timer */ = {
			isa = PBXGroup;
			children = (
				F7FF3F132D7073EB00390C16 /* MetronomeTimer.swift */,
			);
			path = Timer;
			sourceTree = "<group>";
		};
		F7FF3F182D7074CA00390C16 /* State */ = {
			isa = PBXGroup;
			children = (
				F7FF3F172D7074CA00390C16 /* MetronomeState.swift */,
			);
			path = State;
			sourceTree = "<group>";
		};
		F7FF3F1E2D70787B00390C16 /* Sounds */ = {
			isa = PBXGroup;
			children = (
				F7FF3F1B2D70787B00390C16 /* Metr_fl_hi.wav */,
				F7FF3F1C2D70787B00390C16 /* Metr_fl_low.wav */,
				F7FF3F1D2D70787B00390C16 /* Metr_fl_mid.wav */,
			);
			path = Sounds;
			sourceTree = "<group>";
		};
/* End PBXGroup section */

/* Begin PBXNativeTarget section */
		3A9C889B2D6F728A004CFD88 /* TempoPro */ = {
			isa = PBXNativeTarget;
			buildConfigurationList = 3A9C88C12D6F728B004CFD88 /* Build configuration list for PBXNativeTarget "TempoPro" */;
			buildPhases = (
				3A9C88982D6F728A004CFD88 /* Sources */,
				3A9C88992D6F728A004CFD88 /* Frameworks */,
				3A9C889A2D6F728A004CFD88 /* Resources */,
			);
			buildRules = (
			);
			dependencies = (
			);
			name = TempoPro;
			productName = TempoPro;
			productReference = 3A9C889C2D6F728A004CFD88 /* Tempo Pro, Metronome Beats.app */;
			productType = "com.apple.product-type.application";
		};
		3A9C88AC2D6F728B004CFD88 /* TempoProTests */ = {
			isa = PBXNativeTarget;
			buildConfigurationList = 3A9C88C42D6F728B004CFD88 /* Build configuration list for PBXNativeTarget "TempoProTests" */;
			buildPhases = (
				3A9C88A92D6F728B004CFD88 /* Sources */,
				3A9C88AA2D6F728B004CFD88 /* Frameworks */,
				3A9C88AB2D6F728B004CFD88 /* Resources */,
			);
			buildRules = (
			);
			dependencies = (
				3A9C88AF2D6F728B004CFD88 /* PBXTargetDependency */,
			);
			name = TempoProTests;
			productName = TempoProTests;
			productReference = 3A9C88AD2D6F728B004CFD88 /* TempoProTests.xctest */;
			productType = "com.apple.product-type.bundle.unit-test";
		};
		3A9C88B62D6F728B004CFD88 /* TempoProUITests */ = {
			isa = PBXNativeTarget;
			buildConfigurationList = 3A9C88C72D6F728B004CFD88 /* Build configuration list for PBXNativeTarget "TempoProUITests" */;
			buildPhases = (
				3A9C88B32D6F728B004CFD88 /* Sources */,
				3A9C88B42D6F728B004CFD88 /* Frameworks */,
				3A9C88B52D6F728B004CFD88 /* Resources */,
			);
			buildRules = (
			);
			dependencies = (
				3A9C88B92D6F728B004CFD88 /* PBXTargetDependency */,
			);
			name = TempoProUITests;
			productName = TempoProUITests;
			productReference = 3A9C88B72D6F728B004CFD88 /* TempoProUITests.xctest */;
			productType = "com.apple.product-type.bundle.ui-testing";
		};
/* End PBXNativeTarget section */

/* Begin PBXProject section */
		3A9C88942D6F728A004CFD88 /* Project object */ = {
			isa = PBXProject;
			attributes = {
				BuildIndependentTargetsInParallel = 1;
				LastSwiftUpdateCheck = 1540;
				LastUpgradeCheck = 1540;
				TargetAttributes = {
					3A9C889B2D6F728A004CFD88 = {
						CreatedOnToolsVersion = 15.4;
					};
					3A9C88AC2D6F728B004CFD88 = {
						CreatedOnToolsVersion = 15.4;
						TestTargetID = 3A9C889B2D6F728A004CFD88;
					};
					3A9C88B62D6F728B004CFD88 = {
						CreatedOnToolsVersion = 15.4;
						TestTargetID = 3A9C889B2D6F728A004CFD88;
					};
				};
			};
			buildConfigurationList = 3A9C88972D6F728A004CFD88 /* Build configuration list for PBXProject "TempoPro" */;
			compatibilityVersion = "Xcode 14.0";
			developmentRegion = en;
			hasScannedForEncodings = 0;
			knownRegions = (
				en,
				Base,
			);
			mainGroup = 3A9C88932D6F728A004CFD88;
			productRefGroup = 3A9C889D2D6F728A004CFD88 /* Products */;
			projectDirPath = "";
			projectRoot = "";
			targets = (
				3A9C889B2D6F728A004CFD88 /* TempoPro */,
				3A9C88AC2D6F728B004CFD88 /* TempoProTests */,
				3A9C88B62D6F728B004CFD88 /* TempoProUITests */,
			);
		};
/* End PBXProject section */

/* Begin PBXResourcesBuildPhase section */
		3A9C889A2D6F728A004CFD88 /* Resources */ = {
			isa = PBXResourcesBuildPhase;
			buildActionMask = 2147483647;
			files = (
				3A9C88A82D6F728B004CFD88 /* Preview Assets.xcassets in Resources */,
				3A9C88A42D6F728B004CFD88 /* Assets.xcassets in Resources */,
				F7FF3F1F2D70787B00390C16 /* Metr_fl_hi.wav in Resources */,
				F7FF3F202D70787B00390C16 /* Metr_fl_mid.wav in Resources */,
				3AB64D5A2D73150700B056FE /* MiSansLatin-Semibold.otf in Resources */,
				3AB64D5B2D73150700B056FE /* MiSansLatin-Regular.otf in Resources */,
				F7FF3F212D70787B00390C16 /* Metr_fl_low.wav in Resources */,
			);
			runOnlyForDeploymentPostprocessing = 0;
		};
		3A9C88AB2D6F728B004CFD88 /* Resources */ = {
			isa = PBXResourcesBuildPhase;
			buildActionMask = 2147483647;
			files = (
			);
			runOnlyForDeploymentPostprocessing = 0;
		};
		3A9C88B52D6F728B004CFD88 /* Resources */ = {
			isa = PBXResourcesBuildPhase;
			buildActionMask = 2147483647;
			files = (
			);
			runOnlyForDeploymentPostprocessing = 0;
		};
/* End PBXResourcesBuildPhase section */

/* Begin PBXSourcesBuildPhase section */
		3A9C88982D6F728A004CFD88 /* Sources */ = {
			isa = PBXSourcesBuildPhase;
			buildActionMask = 2147483647;
			files = (
				F7F058C12D794453005DF482 /* AddPlaylistView.swift in Sources */,
				F7FF3F192D7074CA00390C16 /* MetronomeState.swift in Sources */,
				F7F0589E2D787826005DF482 /* CreDataExtensions.swift in Sources */,
				3AB6A8662D79F27000760B80 /* PracticeCompletionView.swift in Sources */,
				3A9C88A22D6F728A004CFD88 /* ContentView.swift in Sources */,
				F71AF6B62D716E9B00ADBC17 /* ThemeSelectionView.swift in Sources */,
				3AA1E5572D6F7372002D9615 /* MetronomeInfoView.swift in Sources */,
				3AA1E5552D6F7372002D9615 /* MetronomeToolbarView.swift in Sources */,
				3AA1E5562D6F7372002D9615 /* MetronomeControlView.swift in Sources */,
				F7FF3F152D7073EB00390C16 /* MetronomeAudioEngine.swift in Sources */,
				F7F058A62D787C33005DF482 /* CoreDataPlaylistManager.swift in Sources */,
				F7F538E82D75D59B00A7395C /* AppStorageKeys.swift in Sources */,
				F71AF6B92D71A60200ADBC17 /* BPMRulerView.swift in Sources */,
				F7FF3F232D7078E900390C16 /* TimeSignatureView.swift in Sources */,
				F7FF3F162D7073EB00390C16 /* MetronomeTimer.swift in Sources */,
				3A9C88A02D6F728A004CFD88 /* TempoProApp.swift in Sources */,
				F75EC5672D7AC1C9001CBAA4 /* MonthlyHeatmapView.swift in Sources */,
				F792941C2D7B12B000A2D91C /* WeeklyStatsView.swift in Sources */,
				3ADE94842D734B5B00731F83 /* DisplayCornerRadius.swift in Sources */,
				F7F0589C2D787728005DF482 /* PersistenceController.swift in Sources */,
				3AA1E5542D6F7372002D9615 /* BPMKeypadView.swift in Sources */,
				F7F538E22D75C7F600A7395C /* TileBackgroundImage.swift in Sources */,
				F71AF6B42D716E6500ADBC17 /* ThemeEnvironment.swift in Sources */,
				3AB6A8642D79F05C00760B80 /* CoreDataPracticeManager.swift in Sources */,
				F7A3E73D2D79C378008869AB /* PracticeStatsView.swift in Sources */,
				F750D23B2D7816360022C405 /* PlaylistDetailView.swift in Sources */,
				F750D23C2D7816360022C405 /* PlaylistListView.swift in Sources */,
				F71AF6B02D716E3300ADBC17 /* MetronomeTheme.swift in Sources */,
				F7F058A42D787BF3005DF482 /* ColorExtension.swift in Sources */,
				F7F058C52D79448A005DF482 /* EditPlaylistView.swift in Sources */,
				F71AF6B22D716E4B00ADBC17 /* ThemeManager.swift in Sources */,
				F7F058992D787651005DF482 /* TempoProModel.xcdatamodeld in Sources */,
				F7F058BF2D79443C005DF482 /* EditSongView.swift in Sources */,
			);
			runOnlyForDeploymentPostprocessing = 0;
		};
		3A9C88A92D6F728B004CFD88 /* Sources */ = {
			isa = PBXSourcesBuildPhase;
			buildActionMask = 2147483647;
			files = (
				3A9C88B22D6F728B004CFD88 /* TempoProTests.swift in Sources */,
			);
			runOnlyForDeploymentPostprocessing = 0;
		};
		3A9C88B32D6F728B004CFD88 /* Sources */ = {
			isa = PBXSourcesBuildPhase;
			buildActionMask = 2147483647;
			files = (
				3A9C88BE2D6F728B004CFD88 /* TempoProUITestsLaunchTests.swift in Sources */,
				3A9C88BC2D6F728B004CFD88 /* TempoProUITests.swift in Sources */,
			);
			runOnlyForDeploymentPostprocessing = 0;
		};
/* End PBXSourcesBuildPhase section */

/* Begin PBXTargetDependency section */
		3A9C88AF2D6F728B004CFD88 /* PBXTargetDependency */ = {
			isa = PBXTargetDependency;
			target = 3A9C889B2D6F728A004CFD88 /* TempoPro */;
			targetProxy = 3A9C88AE2D6F728B004CFD88 /* PBXContainerItemProxy */;
		};
		3A9C88B92D6F728B004CFD88 /* PBXTargetDependency */ = {
			isa = PBXTargetDependency;
			target = 3A9C889B2D6F728A004CFD88 /* TempoPro */;
			targetProxy = 3A9C88B82D6F728B004CFD88 /* PBXContainerItemProxy */;
		};
/* End PBXTargetDependency section */

/* Begin XCBuildConfiguration section */
		3A9C88BF2D6F728B004CFD88 /* Debug */ = {
			isa = XCBuildConfiguration;
			buildSettings = {
				ALWAYS_SEARCH_USER_PATHS = NO;
				ASSETCATALOG_COMPILER_GENERATE_SWIFT_ASSET_SYMBOL_EXTENSIONS = YES;
				CLANG_ANALYZER_NONNULL = YES;
				CLANG_ANALYZER_NUMBER_OBJECT_CONVERSION = YES_AGGRESSIVE;
				CLANG_CXX_LANGUAGE_STANDARD = "gnu++20";
				CLANG_ENABLE_MODULES = YES;
				CLANG_ENABLE_OBJC_ARC = YES;
				CLANG_ENABLE_OBJC_WEAK = YES;
				CLANG_WARN_BLOCK_CAPTURE_AUTORELEASING = YES;
				CLANG_WARN_BOOL_CONVERSION = YES;
				CLANG_WARN_COMMA = YES;
				CLANG_WARN_CONSTANT_CONVERSION = YES;
				CLANG_WARN_DEPRECATED_OBJC_IMPLEMENTATIONS = YES;
				CLANG_WARN_DIRECT_OBJC_ISA_USAGE = YES_ERROR;
				CLANG_WARN_DOCUMENTATION_COMMENTS = YES;
				CLANG_WARN_EMPTY_BODY = YES;
				CLANG_WARN_ENUM_CONVERSION = YES;
				CLANG_WARN_INFINITE_RECURSION = YES;
				CLANG_WARN_INT_CONVERSION = YES;
				CLANG_WARN_NON_LITERAL_NULL_CONVERSION = YES;
				CLANG_WARN_OBJC_IMPLICIT_RETAIN_SELF = YES;
				CLANG_WARN_OBJC_LITERAL_CONVERSION = YES;
				CLANG_WARN_OBJC_ROOT_CLASS = YES_ERROR;
				CLANG_WARN_QUOTED_INCLUDE_IN_FRAMEWORK_HEADER = YES;
				CLANG_WARN_RANGE_LOOP_ANALYSIS = YES;
				CLANG_WARN_STRICT_PROTOTYPES = YES;
				CLANG_WARN_SUSPICIOUS_MOVE = YES;
				CLANG_WARN_UNGUARDED_AVAILABILITY = YES_AGGRESSIVE;
				CLANG_WARN_UNREACHABLE_CODE = YES;
				CLANG_WARN__DUPLICATE_METHOD_MATCH = YES;
				COPY_PHASE_STRIP = NO;
				DEBUG_INFORMATION_FORMAT = dwarf;
				ENABLE_STRICT_OBJC_MSGSEND = YES;
				ENABLE_TESTABILITY = YES;
				ENABLE_USER_SCRIPT_SANDBOXING = YES;
				GCC_C_LANGUAGE_STANDARD = gnu17;
				GCC_DYNAMIC_NO_PIC = NO;
				GCC_NO_COMMON_BLOCKS = YES;
				GCC_OPTIMIZATION_LEVEL = 0;
				GCC_PREPROCESSOR_DEFINITIONS = (
					"DEBUG=1",
					"$(inherited)",
				);
				GCC_WARN_64_TO_32_BIT_CONVERSION = YES;
				GCC_WARN_ABOUT_RETURN_TYPE = YES_ERROR;
				GCC_WARN_UNDECLARED_SELECTOR = YES;
				GCC_WARN_UNINITIALIZED_AUTOS = YES_AGGRESSIVE;
				GCC_WARN_UNUSED_FUNCTION = YES;
				GCC_WARN_UNUSED_VARIABLE = YES;
				LOCALIZATION_PREFERS_STRING_CATALOGS = YES;
				MTL_ENABLE_DEBUG_INFO = INCLUDE_SOURCE;
				MTL_FAST_MATH = YES;
				ONLY_ACTIVE_ARCH = YES;
				SWIFT_ACTIVE_COMPILATION_CONDITIONS = "DEBUG $(inherited)";
				SWIFT_OPTIMIZATION_LEVEL = "-Onone";
			};
			name = Debug;
		};
		3A9C88C02D6F728B004CFD88 /* Release */ = {
			isa = XCBuildConfiguration;
			buildSettings = {
				ALWAYS_SEARCH_USER_PATHS = NO;
				ASSETCATALOG_COMPILER_GENERATE_SWIFT_ASSET_SYMBOL_EXTENSIONS = YES;
				CLANG_ANALYZER_NONNULL = YES;
				CLANG_ANALYZER_NUMBER_OBJECT_CONVERSION = YES_AGGRESSIVE;
				CLANG_CXX_LANGUAGE_STANDARD = "gnu++20";
				CLANG_ENABLE_MODULES = YES;
				CLANG_ENABLE_OBJC_ARC = YES;
				CLANG_ENABLE_OBJC_WEAK = YES;
				CLANG_WARN_BLOCK_CAPTURE_AUTORELEASING = YES;
				CLANG_WARN_BOOL_CONVERSION = YES;
				CLANG_WARN_COMMA = YES;
				CLANG_WARN_CONSTANT_CONVERSION = YES;
				CLANG_WARN_DEPRECATED_OBJC_IMPLEMENTATIONS = YES;
				CLANG_WARN_DIRECT_OBJC_ISA_USAGE = YES_ERROR;
				CLANG_WARN_DOCUMENTATION_COMMENTS = YES;
				CLANG_WARN_EMPTY_BODY = YES;
				CLANG_WARN_ENUM_CONVERSION = YES;
				CLANG_WARN_INFINITE_RECURSION = YES;
				CLANG_WARN_INT_CONVERSION = YES;
				CLANG_WARN_NON_LITERAL_NULL_CONVERSION = YES;
				CLANG_WARN_OBJC_IMPLICIT_RETAIN_SELF = YES;
				CLANG_WARN_OBJC_LITERAL_CONVERSION = YES;
				CLANG_WARN_OBJC_ROOT_CLASS = YES_ERROR;
				CLANG_WARN_QUOTED_INCLUDE_IN_FRAMEWORK_HEADER = YES;
				CLANG_WARN_RANGE_LOOP_ANALYSIS = YES;
				CLANG_WARN_STRICT_PROTOTYPES = YES;
				CLANG_WARN_SUSPICIOUS_MOVE = YES;
				CLANG_WARN_UNGUARDED_AVAILABILITY = YES_AGGRESSIVE;
				CLANG_WARN_UNREACHABLE_CODE = YES;
				CLANG_WARN__DUPLICATE_METHOD_MATCH = YES;
				COPY_PHASE_STRIP = NO;
				DEBUG_INFORMATION_FORMAT = "dwarf-with-dsym";
				ENABLE_NS_ASSERTIONS = NO;
				ENABLE_STRICT_OBJC_MSGSEND = YES;
				ENABLE_USER_SCRIPT_SANDBOXING = YES;
				GCC_C_LANGUAGE_STANDARD = gnu17;
				GCC_NO_COMMON_BLOCKS = YES;
				GCC_WARN_64_TO_32_BIT_CONVERSION = YES;
				GCC_WARN_ABOUT_RETURN_TYPE = YES_ERROR;
				GCC_WARN_UNDECLARED_SELECTOR = YES;
				GCC_WARN_UNINITIALIZED_AUTOS = YES_AGGRESSIVE;
				GCC_WARN_UNUSED_FUNCTION = YES;
				GCC_WARN_UNUSED_VARIABLE = YES;
				LOCALIZATION_PREFERS_STRING_CATALOGS = YES;
				MTL_ENABLE_DEBUG_INFO = NO;
				MTL_FAST_MATH = YES;
				SWIFT_COMPILATION_MODE = wholemodule;
			};
			name = Release;
		};
		3A9C88C22D6F728B004CFD88 /* Debug */ = {
			isa = XCBuildConfiguration;
			buildSettings = {
				ASSETCATALOG_COMPILER_APPICON_NAME = AppIcon;
				ASSETCATALOG_COMPILER_GLOBAL_ACCENT_COLOR_NAME = AccentColor;
				CODE_SIGN_ENTITLEMENTS = TempoPro/TempoPro.entitlements;
				CODE_SIGN_STYLE = Automatic;
				CURRENT_PROJECT_VERSION = 1;
				DEVELOPMENT_ASSET_PATHS = "\"TempoPro/Preview Content\"";
				DEVELOPMENT_TEAM = RY2TQTYSKQ;
				ENABLE_HARDENED_RUNTIME = YES;
				ENABLE_PREVIEWS = YES;
				GENERATE_INFOPLIST_FILE = YES;
				INFOPLIST_FILE = TempoPro/Info.plist;
				INFOPLIST_KEY_CFBundleDisplayName = "Tempo Pro";
				INFOPLIST_KEY_LSApplicationCategoryType = "public.app-category.music";
				"INFOPLIST_KEY_UIApplicationSceneManifest_Generation[sdk=iphoneos*]" = YES;
				"INFOPLIST_KEY_UIApplicationSceneManifest_Generation[sdk=iphonesimulator*]" = YES;
				"INFOPLIST_KEY_UIApplicationSupportsIndirectInputEvents[sdk=iphoneos*]" = YES;
				"INFOPLIST_KEY_UIApplicationSupportsIndirectInputEvents[sdk=iphonesimulator*]" = YES;
				"INFOPLIST_KEY_UILaunchScreen_Generation[sdk=iphoneos*]" = YES;
				"INFOPLIST_KEY_UILaunchScreen_Generation[sdk=iphonesimulator*]" = YES;
				INFOPLIST_KEY_UIStatusBarHidden = YES;
				"INFOPLIST_KEY_UIStatusBarStyle[sdk=iphoneos*]" = UIStatusBarStyleDefault;
				"INFOPLIST_KEY_UIStatusBarStyle[sdk=iphonesimulator*]" = UIStatusBarStyleDefault;
				IPHONEOS_DEPLOYMENT_TARGET = 16.0;
				LD_RUNPATH_SEARCH_PATHS = "@executable_path/Frameworks";
				"LD_RUNPATH_SEARCH_PATHS[sdk=macosx*]" = "@executable_path/../Frameworks";
				MACOSX_DEPLOYMENT_TARGET = 14.1;
				MARKETING_VERSION = 1.0;
				PRODUCT_BUNDLE_IDENTIFIER = us.besttime.tempopro;
				PRODUCT_NAME = "Tempo Pro, Metronome Beats";
				SDKROOT = auto;
				SUPPORTED_PLATFORMS = "iphoneos iphonesimulator";
				SUPPORTS_MACCATALYST = NO;
				SWIFT_EMIT_LOC_STRINGS = YES;
				SWIFT_VERSION = 5.0;
				TARGETED_DEVICE_FAMILY = 1;
			};
			name = Debug;
		};
		3A9C88C32D6F728B004CFD88 /* Release */ = {
			isa = XCBuildConfiguration;
			buildSettings = {
				ASSETCATALOG_COMPILER_APPICON_NAME = AppIcon;
				ASSETCATALOG_COMPILER_GLOBAL_ACCENT_COLOR_NAME = AccentColor;
				CODE_SIGN_ENTITLEMENTS = TempoPro/TempoPro.entitlements;
				CODE_SIGN_STYLE = Automatic;
				CURRENT_PROJECT_VERSION = 1;
				DEVELOPMENT_ASSET_PATHS = "\"TempoPro/Preview Content\"";
				DEVELOPMENT_TEAM = RY2TQTYSKQ;
				ENABLE_HARDENED_RUNTIME = YES;
				ENABLE_PREVIEWS = YES;
				GENERATE_INFOPLIST_FILE = YES;
				INFOPLIST_FILE = TempoPro/Info.plist;
				INFOPLIST_KEY_CFBundleDisplayName = "Tempo Pro";
				INFOPLIST_KEY_LSApplicationCategoryType = "public.app-category.music";
				"INFOPLIST_KEY_UIApplicationSceneManifest_Generation[sdk=iphoneos*]" = YES;
				"INFOPLIST_KEY_UIApplicationSceneManifest_Generation[sdk=iphonesimulator*]" = YES;
				"INFOPLIST_KEY_UIApplicationSupportsIndirectInputEvents[sdk=iphoneos*]" = YES;
				"INFOPLIST_KEY_UIApplicationSupportsIndirectInputEvents[sdk=iphonesimulator*]" = YES;
				"INFOPLIST_KEY_UILaunchScreen_Generation[sdk=iphoneos*]" = YES;
				"INFOPLIST_KEY_UILaunchScreen_Generation[sdk=iphonesimulator*]" = YES;
				INFOPLIST_KEY_UIStatusBarHidden = YES;
				"INFOPLIST_KEY_UIStatusBarStyle[sdk=iphoneos*]" = UIStatusBarStyleDefault;
				"INFOPLIST_KEY_UIStatusBarStyle[sdk=iphonesimulator*]" = UIStatusBarStyleDefault;
				IPHONEOS_DEPLOYMENT_TARGET = 16.0;
				LD_RUNPATH_SEARCH_PATHS = "@executable_path/Frameworks";
				"LD_RUNPATH_SEARCH_PATHS[sdk=macosx*]" = "@executable_path/../Frameworks";
				MACOSX_DEPLOYMENT_TARGET = 14.1;
				MARKETING_VERSION = 1.0;
				PRODUCT_BUNDLE_IDENTIFIER = us.besttime.tempopro;
				PRODUCT_NAME = "Tempo Pro, Metronome Beats";
				SDKROOT = auto;
				SUPPORTED_PLATFORMS = "iphoneos iphonesimulator";
				SUPPORTS_MACCATALYST = NO;
				SWIFT_EMIT_LOC_STRINGS = YES;
				SWIFT_VERSION = 5.0;
				TARGETED_DEVICE_FAMILY = 1;
			};
			name = Release;
		};
		3A9C88C52D6F728B004CFD88 /* Debug */ = {
			isa = XCBuildConfiguration;
			buildSettings = {
				ALWAYS_EMBED_SWIFT_STANDARD_LIBRARIES = YES;
				BUNDLE_LOADER = "$(TEST_HOST)";
				CODE_SIGN_STYLE = Automatic;
				CURRENT_PROJECT_VERSION = 1;
				DEVELOPMENT_TEAM = RY2TQTYSKQ;
				GENERATE_INFOPLIST_FILE = YES;
				IPHONEOS_DEPLOYMENT_TARGET = 17.5;
				MACOSX_DEPLOYMENT_TARGET = 14.1;
				MARKETING_VERSION = 1.0;
				PRODUCT_BUNDLE_IDENTIFIER = us.besttime.tempopro.TempoProTests;
				PRODUCT_NAME = "$(TARGET_NAME)";
				SDKROOT = auto;
				SUPPORTED_PLATFORMS = "iphoneos iphonesimulator macosx";
				SWIFT_EMIT_LOC_STRINGS = NO;
				SWIFT_VERSION = 5.0;
				TARGETED_DEVICE_FAMILY = "1,2";
				TEST_HOST = "$(BUILT_PRODUCTS_DIR)/TempoPro.app/$(BUNDLE_EXECUTABLE_FOLDER_PATH)/TempoPro";
			};
			name = Debug;
		};
		3A9C88C62D6F728B004CFD88 /* Release */ = {
			isa = XCBuildConfiguration;
			buildSettings = {
				ALWAYS_EMBED_SWIFT_STANDARD_LIBRARIES = YES;
				BUNDLE_LOADER = "$(TEST_HOST)";
				CODE_SIGN_STYLE = Automatic;
				CURRENT_PROJECT_VERSION = 1;
				DEVELOPMENT_TEAM = RY2TQTYSKQ;
				GENERATE_INFOPLIST_FILE = YES;
				IPHONEOS_DEPLOYMENT_TARGET = 17.5;
				MACOSX_DEPLOYMENT_TARGET = 14.1;
				MARKETING_VERSION = 1.0;
				PRODUCT_BUNDLE_IDENTIFIER = us.besttime.tempopro.TempoProTests;
				PRODUCT_NAME = "$(TARGET_NAME)";
				SDKROOT = auto;
				SUPPORTED_PLATFORMS = "iphoneos iphonesimulator macosx";
				SWIFT_EMIT_LOC_STRINGS = NO;
				SWIFT_VERSION = 5.0;
				TARGETED_DEVICE_FAMILY = "1,2";
				TEST_HOST = "$(BUILT_PRODUCTS_DIR)/TempoPro.app/$(BUNDLE_EXECUTABLE_FOLDER_PATH)/TempoPro";
			};
			name = Release;
		};
		3A9C88C82D6F728B004CFD88 /* Debug */ = {
			isa = XCBuildConfiguration;
			buildSettings = {
				ALWAYS_EMBED_SWIFT_STANDARD_LIBRARIES = YES;
				CODE_SIGN_STYLE = Automatic;
				CURRENT_PROJECT_VERSION = 1;
				DEVELOPMENT_TEAM = RY2TQTYSKQ;
				GENERATE_INFOPLIST_FILE = YES;
				IPHONEOS_DEPLOYMENT_TARGET = 17.5;
				MACOSX_DEPLOYMENT_TARGET = 14.1;
				MARKETING_VERSION = 1.0;
				PRODUCT_BUNDLE_IDENTIFIER = us.besttime.tempopro.TempoProUITests;
				PRODUCT_NAME = "$(TARGET_NAME)";
				SDKROOT = auto;
				SUPPORTED_PLATFORMS = "iphoneos iphonesimulator macosx";
				SWIFT_EMIT_LOC_STRINGS = NO;
				SWIFT_VERSION = 5.0;
				TARGETED_DEVICE_FAMILY = "1,2";
				TEST_TARGET_NAME = TempoPro;
			};
			name = Debug;
		};
		3A9C88C92D6F728B004CFD88 /* Release */ = {
			isa = XCBuildConfiguration;
			buildSettings = {
				ALWAYS_EMBED_SWIFT_STANDARD_LIBRARIES = YES;
				CODE_SIGN_STYLE = Automatic;
				CURRENT_PROJECT_VERSION = 1;
				DEVELOPMENT_TEAM = RY2TQTYSKQ;
				GENERATE_INFOPLIST_FILE = YES;
				IPHONEOS_DEPLOYMENT_TARGET = 17.5;
				MACOSX_DEPLOYMENT_TARGET = 14.1;
				MARKETING_VERSION = 1.0;
				PRODUCT_BUNDLE_IDENTIFIER = us.besttime.tempopro.TempoProUITests;
				PRODUCT_NAME = "$(TARGET_NAME)";
				SDKROOT = auto;
				SUPPORTED_PLATFORMS = "iphoneos iphonesimulator macosx";
				SWIFT_EMIT_LOC_STRINGS = NO;
				SWIFT_VERSION = 5.0;
				TARGETED_DEVICE_FAMILY = "1,2";
				TEST_TARGET_NAME = TempoPro;
			};
			name = Release;
		};
/* End XCBuildConfiguration section */

/* Begin XCConfigurationList section */
		3A9C88972D6F728A004CFD88 /* Build configuration list for PBXProject "TempoPro" */ = {
			isa = XCConfigurationList;
			buildConfigurations = (
				3A9C88BF2D6F728B004CFD88 /* Debug */,
				3A9C88C02D6F728B004CFD88 /* Release */,
			);
			defaultConfigurationIsVisible = 0;
			defaultConfigurationName = Release;
		};
		3A9C88C12D6F728B004CFD88 /* Build configuration list for PBXNativeTarget "TempoPro" */ = {
			isa = XCConfigurationList;
			buildConfigurations = (
				3A9C88C22D6F728B004CFD88 /* Debug */,
				3A9C88C32D6F728B004CFD88 /* Release */,
			);
			defaultConfigurationIsVisible = 0;
			defaultConfigurationName = Release;
		};
		3A9C88C42D6F728B004CFD88 /* Build configuration list for PBXNativeTarget "TempoProTests" */ = {
			isa = XCConfigurationList;
			buildConfigurations = (
				3A9C88C52D6F728B004CFD88 /* Debug */,
				3A9C88C62D6F728B004CFD88 /* Release */,
			);
			defaultConfigurationIsVisible = 0;
			defaultConfigurationName = Release;
		};
		3A9C88C72D6F728B004CFD88 /* Build configuration list for PBXNativeTarget "TempoProUITests" */ = {
			isa = XCConfigurationList;
			buildConfigurations = (
				3A9C88C82D6F728B004CFD88 /* Debug */,
				3A9C88C92D6F728B004CFD88 /* Release */,
			);
			defaultConfigurationIsVisible = 0;
			defaultConfigurationName = Release;
		};
/* End XCConfigurationList section */

/* Begin XCVersionGroup section */
		F7F058972D787651005DF482 /* TempoProModel.xcdatamodeld */ = {
			isa = XCVersionGroup;
			children = (
				F7F058982D787651005DF482 /* TempoProModel.xcdatamodel */,
			);
			currentVersion = F7F058982D787651005DF482 /* TempoProModel.xcdatamodel */;
			path = TempoProModel.xcdatamodeld;
			sourceTree = "<group>";
			versionGroupType = wrapper.xcdatamodel;
		};
/* End XCVersionGroup section */
	};
	rootObject = 3A9C88942D6F728A004CFD88 /* Project object */;
}
